{
  "name": "uas",
  "version": "0.0.1",
  "lockfileVersion": 1,
  "requires": true,
  "dependencies": {
    "quasar": {
      "version": "1.7.4",
      "resolved": "https://registry.npmjs.org/quasar/-/quasar-1.7.4.tgz",
      "integrity": "sha512-gAp/q5Bn1lbBsKi7lZHZVNw/VI3EvUm5KwdRx7+O44RBb0i0P3oBib8HjpSzfQGaqdPogJFd7nQ/Az+jAfMYEA=="
    }
  }
}
